// !$*UTF8*$!
{
	archiveVersion = 1;
	classes = {
	};
	objectVersion = 46;
	objects = {

/* Begin PBXBuildFile section */
		87191C671EDDCA6500704AB9 /* AppDelegate.swift in Sources */ = {isa = PBXBuildFile; fileRef = 87191C661EDDCA6500704AB9 /* AppDelegate.swift */; };
		87191C691EDDCA6500704AB9 /* BrainVC.swift in Sources */ = {isa = PBXBuildFile; fileRef = 87191C681EDDCA6500704AB9 /* BrainVC.swift */; };
		87191C6C1EDDCA6500704AB9 /* Main.storyboard in Resources */ = {isa = PBXBuildFile; fileRef = 87191C6A1EDDCA6500704AB9 /* Main.storyboard */; };
		87191C6E1EDDCA6500704AB9 /* Assets.xcassets in Resources */ = {isa = PBXBuildFile; fileRef = 87191C6D1EDDCA6500704AB9 /* Assets.xcassets */; };
		87191C711EDDCA6500704AB9 /* LaunchScreen.storyboard in Resources */ = {isa = PBXBuildFile; fileRef = 87191C6F1EDDCA6500704AB9 /* LaunchScreen.storyboard */; };
		87191C7C1EDDE27900704AB9 /* SettingsVC.swift in Sources */ = {isa = PBXBuildFile; fileRef = 87191C7B1EDDE27900704AB9 /* SettingsVC.swift */; };
/* End PBXBuildFile section */

/* Begin PBXFileReference section */
		87191C631EDDCA6500704AB9 /* TipCalc.app */ = {isa = PBXFileReference; explicitFileType = wrapper.application; includeInIndex = 0; path = TipCalc.app; sourceTree = BUILT_PRODUCTS_DIR; };
		87191C661EDDCA6500704AB9 /* AppDelegate.swift */ = {isa = PBXFileReference; lastKnownFileType = sourcecode.swift; path = AppDelegate.swift; sourceTree = "<group>"; };
		87191C681EDDCA6500704AB9 /* BrainVC.swift */ = {isa = PBXFileReference; lastKnownFileType = sourcecode.swift; path = BrainVC.swift; sourceTree = "<group>"; };
		87191C6B1EDDCA6500704AB9 /* Base */ = {isa = PBXFileReference; lastKnownFileType = file.storyboard; name = Base; path = Base.lproj/Main.storyboard; sourceTree = "<group>"; };
		87191C6D1EDDCA6500704AB9 /* Assets.xcassets */ = {isa = PBXFileReference; lastKnownFileType = folder.assetcatalog; path = Assets.xcassets; sourceTree = "<group>"; };
		87191C701EDDCA6500704AB9 /* Base */ = {isa = PBXFileReference; lastKnownFileType = file.storyboard; name = Base; path = Base.lproj/LaunchScreen.storyboard; sourceTree = "<group>"; };
		87191C721EDDCA6500704AB9 /* Info.plist */ = {isa = PBXFileReference; lastKnownFileType = text.plist.xml; path = Info.plist; sourceTree = "<group>"; };
		87191C7B1EDDE27900704AB9 /* SettingsVC.swift */ = {isa = PBXFileReference; fileEncoding = 4; lastKnownFileType = sourcecode.swift; path = SettingsVC.swift; sourceTree = "<group>"; };
/* End PBXFileReference section */

/* Begin PBXFrameworksBuildPhase section */
		87191C601EDDCA6500704AB9 /* Frameworks */ = {
			isa = PBXFrameworksBuildPhase;
			buildActionMask = 2147483647;
			files = (
			);
			runOnlyForDeploymentPostprocessing = 0;
		};
/* End PBXFrameworksBuildPhase section */

/* Begin PBXGroup section */
		87191C5A1EDDCA6500704AB9 = {
			isa = PBXGroup;
			children = (
				87191C651EDDCA6500704AB9 /* TipCalc */,
				87191C641EDDCA6500704AB9 /* Products */,
			);
			sourceTree = "<group>";
		};
		87191C641EDDCA6500704AB9 /* Products */ = {
			isa = PBXGroup;
			children = (
				87191C631EDDCA6500704AB9 /* TipCalc.app */,
			);
			name = Products;
			sourceTree = "<group>";
		};
		87191C651EDDCA6500704AB9 /* TipCalc */ = {
			isa = PBXGroup;
			children = (
				87191C781EDDE23400704AB9 /* Controller */,
				87191C791EDDE23F00704AB9 /* Model */,
				87191C7A1EDDE24900704AB9 /* View */,
				87191C6D1EDDCA6500704AB9 /* Assets.xcassets */,
				87191C6F1EDDCA6500704AB9 /* LaunchScreen.storyboard */,
				87191C721EDDCA6500704AB9 /* Info.plist */,
			);
			path = TipCalc;
			sourceTree = "<group>";
		};
		87191C781EDDE23400704AB9 /* Controller */ = {
			isa = PBXGroup;
			children = (
				87191C661EDDCA6500704AB9 /* AppDelegate.swift */,
				87191C7B1EDDE27900704AB9 /* SettingsVC.swift */,
			);
			name = Controller;
			sourceTree = "<group>";
		};
		87191C791EDDE23F00704AB9 /* Model */ = {
			isa = PBXGroup;
			children = (
				87191C681EDDCA6500704AB9 /* BrainVC.swift */,
			);
			name = Model;
			sourceTree = "<group>";
		};
		87191C7A1EDDE24900704AB9 /* View */ = {
			isa = PBXGroup;
			children = (
				87191C6A1EDDCA6500704AB9 /* Main.storyboard */,
			);
			name = View;
			sourceTree = "<group>";
		};
/* End PBXGroup section */

/* Begin PBXNativeTarget section */
		87191C621EDDCA6500704AB9 /* TipCalc */ = {
			isa = PBXNativeTarget;
			buildConfigurationList = 87191C751EDDCA6500704AB9 /* Build configuration list for PBXNativeTarget "TipCalc" */;
			buildPhases = (
				87191C5F1EDDCA6500704AB9 /* Sources */,
				87191C601EDDCA6500704AB9 /* Frameworks */,
				87191C611EDDCA6500704AB9 /* Resources */,
			);
			buildRules = (
			);
			dependencies = (
			);
			name = TipCalc;
			productName = TipCalc;
			productReference = 87191C631EDDCA6500704AB9 /* TipCalc.app */;
			productType = "com.apple.product-type.application";
		};
/* End PBXNativeTarget section */

/* Begin PBXProject section */
		87191C5B1EDDCA6500704AB9 /* Project object */ = {
			isa = PBXProject;
			attributes = {
				LastSwiftUpdateCheck = 0830;
				LastUpgradeCheck = 0830;
				ORGANIZATIONNAME = "Juan Morillo";
				TargetAttributes = {
					87191C621EDDCA6500704AB9 = {
						CreatedOnToolsVersion = 8.3.2;
						DevelopmentTeam = 6ZJQ583HU9;
						ProvisioningStyle = Automatic;
					};
				};
			};
			buildConfigurationList = 87191C5E1EDDCA6500704AB9 /* Build configuration list for PBXProject "TipCalc" */;
			compatibilityVersion = "Xcode 3.2";
			developmentRegion = English;
			hasScannedForEncodings = 0;
			knownRegions = (
				en,
				Base,
			);
			mainGroup = 87191C5A1EDDCA6500704AB9;
			productRefGroup = 87191C641EDDCA6500704AB9 /* Products */;
			projectDirPath = "";
			projectRoot = "";
			targets = (
				87191C621EDDCA6500704AB9 /* TipCalc */,
			);
		};
/* End PBXProject section */

/* Begin PBXResourcesBuildPhase section */
		87191C611EDDCA6500704AB9 /* Resources */ = {
			isa = PBXResourcesBuildPhase;
			buildActionMask = 2147483647;
			files = (
				87191C711EDDCA6500704AB9 /* LaunchScreen.storyboard in Resources */,
				87191C6E1EDDCA6500704AB9 /* Assets.xcassets in Resources */,
				87191C6C1EDDCA6500704AB9 /* Main.storyboard in Resources */,
			);
			runOnlyForDeploymentPostprocessing = 0;
		};
/* End PBXResourcesBuildPhase section */

/* Begin PBXSourcesBuildPhase section */
		87191C5F1EDDCA6500704AB9 /* Sources */ = {
			isa = PBXSourcesBuildPhase;
			buildActionMask = 2147483647;
			files = (
				87191C691EDDCA6500704AB9 /* BrainVC.swift in Sources */,
				87191C671EDDCA6500704AB9 /* AppDelegate.swift in Sources */,
				87191C7C1EDDE27900704AB9 /* SettingsVC.swift in Sources */,
			);
			runOnlyForDeploymentPostprocessing = 0;
		};
/* End PBXSourcesBuildPhase section */

/* Begin PBXVariantGroup section */
		87191C6A1EDDCA6500704AB9 /* Main.storyboard */ = {
			isa = PBXVariantGroup;
			children = (
				87191C6B1EDDCA6500704AB9 /* Base */,
			);
			name = Main.storyboard;
			sourceTree = "<group>";
		};
		87191C6F1EDDCA6500704AB9 /* LaunchScreen.storyboard */ = {
			isa = PBXVariantGroup;
			children = (
				87191C701EDDCA6500704AB9 /* Base */,
			);
			name = LaunchScreen.storyboard;
			sourceTree = "<group>";
		};
/* End PBXVariantGroup section */

/* Begin XCBuildConfiguration section */
		87191C731EDDCA6500704AB9 /* Debug */ = {
			isa = XCBuildConfiguration;
			buildSettings = {
				ALWAYS_SEARCH_USER_PATHS = NO;
				CLANG_ANALYZER_NONNULL = YES;
				CLANG_ANALYZER_NUMBER_OBJECT_CONVERSION = YES_AGGRESSIVE;
				CLANG_CXX_LANGUAGE_STANDARD = "gnu++0x";
				CLANG_CXX_LIBRARY = "libc++";
				CLANG_ENABLE_MODULES = YES;
				CLANG_ENABLE_OBJC_ARC = YES;
				CLANG_WARN_BOOL_CONVERSION = YES;
				CLANG_WARN_CONSTANT_CONVERSION = YES;
				CLANG_WARN_DIRECT_OBJC_ISA_USAGE = YES_ERROR;
				CLANG_WARN_DOCUMENTATION_COMMENTS = YES;
				CLANG_WARN_EMPTY_BODY = YES;
				CLANG_WARN_ENUM_CONVERSION = YES;
				CLANG_WARN_INFINITE_RECURSION = YES;
				CLANG_WARN_INT_CONVERSION = YES;
				CLANG_WARN_OBJC_ROOT_CLASS = YES_ERROR;
				CLANG_WARN_SUSPICIOUS_MOVE = YES;
				CLANG_WARN_UNREACHABLE_CODE = YES;
				CLANG_WARN__DUPLICATE_METHOD_MATCH = YES;
				"CODE_SIGN_IDENTITY[sdk=iphoneos*]" = "iPhone Developer";
				COPY_PHASE_STRIP = NO;
				DEBUG_INFORMATION_FORMAT = dwarf;
				ENABLE_STRICT_OBJC_MSGSEND = YES;
				ENABLE_TESTABILITY = YES;
				GCC_C_LANGUAGE_STANDARD = gnu99;
				GCC_DYNAMIC_NO_PIC = NO;
				GCC_NO_COMMON_BLOCKS = YES;
				GCC_OPTIMIZATION_LEVEL = 0;
				GCC_PREPROCESSOR_DEFINITIONS = (
					"DEBUG=1",
					"$(inherited)",
				);
				GCC_WARN_64_TO_32_BIT_CONVERSION = YES;
				GCC_WARN_ABOUT_RETURN_TYPE = YES_ERROR;
				GCC_WARN_UNDECLARED_SELECTOR = YES;
				GCC_WARN_UNINITIALIZED_AUTOS = YES_AGGRESSIVE;
				GCC_WARN_UNUSED_FUNCTION = YES;
				GCC_WARN_UNUSED_VARIABLE = YES;
				IPHONEOS_DEPLOYMENT_TARGET = 10.3;
				MTL_ENABLE_DEBUG_INFO = YES;
				ONLY_ACTIVE_ARCH = YES;
				SDKROOT = iphoneos;
				SWIFT_ACTIVE_COMPILATION_CONDITIONS = DEBUG;
				SWIFT_OPTIMIZATION_LEVEL = "-Onone";
			};
			name = Debug;
		};
		87191C741EDDCA6500704AB9 /* Release */ = {
			isa = XCBuildConfiguration;
			buildSettings = {
				ALWAYS_SEARCH_USER_PATHS = NO;
				CLANG_ANALYZER_NONNULL = YES;
				CLANG_ANALYZER_NUMBER_OBJECT_CONVERSION = YES_AGGRESSIVE;
				CLANG_CXX_LANGUAGE_STANDARD = "gnu++0x";
				CLANG_CXX_LIBRARY = "libc++";
				CLANG_ENABLE_MODULES = YES;
				CLANG_ENABLE_OBJC_ARC = YES;
				CLANG_WARN_BOOL_CONVERSION = YES;
				CLANG_WARN_CONSTANT_CONVERSION = YES;
				CLANG_WARN_DIRECT_OBJC_ISA_USAGE = YES_ERROR;
				CLANG_WARN_DOCUMENTATION_COMMENTS = YES;
				CLANG_WARN_EMPTY_BODY = YES;
				CLANG_WARN_ENUM_CONVERSION = YES;
				CLANG_WARN_INFINITE_RECURSION = YES;
				CLANG_WARN_INT_CONVERSION = YES;
				CLANG_WARN_OBJC_ROOT_CLASS = YES_ERROR;
				CLANG_WARN_SUSPICIOUS_MOVE = YES;
				CLANG_WARN_UNREACHABLE_CODE = YES;
				CLANG_WARN__DUPLICATE_METHOD_MATCH = YES;
				"CODE_SIGN_IDENTITY[sdk=iphoneos*]" = "iPhone Developer";
				COPY_PHASE_STRIP = NO;
				DEBUG_INFORMATION_FORMAT = "dwarf-with-dsym";
				ENABLE_NS_ASSERTIONS = NO;
				ENABLE_STRICT_OBJC_MSGSEND = YES;
				GCC_C_LANGUAGE_STANDARD = gnu99;
				GCC_NO_COMMON_BLOCKS = YES;
				GCC_WARN_64_TO_32_BIT_CONVERSION = YES;
				GCC_WARN_ABOUT_RETURN_TYPE = YES_ERROR;
				GCC_WARN_UNDECLARED_SELECTOR = YES;
				GCC_WARN_UNINITIALIZED_AUTOS = YES_AGGRESSIVE;
				GCC_WARN_UNUSED_FUNCTION = YES;
				GCC_WARN_UNUSED_VARIABLE = YES;
				IPHONEOS_DEPLOYMENT_TARGET = 10.3;
				MTL_ENABLE_DEBUG_INFO = NO;
				SDKROOT = iphoneos;
				SWIFT_OPTIMIZATION_LEVEL = "-Owholemodule";
				VALIDATE_PRODUCT = YES;
			};
			name = Release;
		};
		87191C761EDDCA6500704AB9 /* Debug */ = {
			isa = XCBuildConfiguration;
			buildSettings = {
				ASSETCATALOG_COMPILER_APPICON_NAME = AppIcon;
				DEVELOPMENT_TEAM = 6ZJQ583HU9;
				INFOPLIST_FILE = TipCalc/Info.plist;
				LD_RUNPATH_SEARCH_PATHS = "$(inherited) @executable_path/Frameworks";
				PRODUCT_BUNDLE_IDENTIFIER = com.juanmorillios.TipCalc;
				PRODUCT_NAME = "$(TARGET_NAME)";
				SWIFT_VERSION = 3.0;
			};
			name = Debug;
		};
		87191C771EDDCA6500704AB9 /* Release */ = {
			isa = XCBuildConfiguration;
			buildSettings = {
				ASSETCATALOG_COMPILER_APPICON_NAME = AppIcon;
				DEVELOPMENT_TEAM = 6ZJQ583HU9;
				INFOPLIST_FILE = TipCalc/Info.plist;
				LD_RUNPATH_SEARCH_PATHS = "$(inherited) @executable_path/Frameworks";
				PRODUCT_BUNDLE_IDENTIFIER = com.juanmorillios.TipCalc;
				PRODUCT_NAME = "$(TARGET_NAME)";
				SWIFT_VERSION = 3.0;
			};
			name = Release;
		};
/* End XCBuildConfiguration section */

/* Begin XCConfigurationList section */
		87191C5E1EDDCA6500704AB9 /* Build configuration list for PBXProject "TipCalc" */ = {
			isa = XCConfigurationList;
			buildConfigurations = (
				87191C731EDDCA6500704AB9 /* Debug */,
				87191C741EDDCA6500704AB9 /* Release */,
			);
			defaultConfigurationIsVisible = 0;
			defaultConfigurationName = Release;
		};
		87191C751EDDCA6500704AB9 /* Build configuration list for PBXNativeTarget "TipCalc" */ = {
			isa = XCConfigurationList;
			buildConfigurations = (
				87191C761EDDCA6500704AB9 /* Debug */,
				87191C771EDDCA6500704AB9 /* Release */,
			);
			defaultConfigurationIsVisible = 0;
			defaultConfigurationName = Release;
		};
/* End XCConfigurationList section */
	};
	rootObject = 87191C5B1EDDCA6500704AB9 /* Project object */;
}
